// !$*UTF8*$!
{
	archiveVersion = 1;
	classes = {
	};
	objectVersion = 48;
	objects = {

/* Begin PBXBuildFile section */
		5C7D3ED902F9F2AD65BF89B3 /* libPods-MTTNetworkManger.a in Frameworks */ = {isa = PBXBuildFile; fileRef = 9B56A58E9DAF0476A74CB036 /* libPods-MTTNetworkManger.a */; };
		C595EC611FA05F3F0083217F /* AppDelegate.m in Sources */ = {isa = PBXBuildFile; fileRef = C595EC601FA05F3F0083217F /* AppDelegate.m */; };
		C595EC641FA05F3F0083217F /* ViewController.m in Sources */ = {isa = PBXBuildFile; fileRef = C595EC631FA05F3F0083217F /* ViewController.m */; };
		C595EC671FA05F3F0083217F /* Main.storyboard in Resources */ = {isa = PBXBuildFile; fileRef = C595EC651FA05F3F0083217F /* Main.storyboard */; };
		C595EC691FA05F3F0083217F /* Assets.xcassets in Resources */ = {isa = PBXBuildFile; fileRef = C595EC681FA05F3F0083217F /* Assets.xcassets */; };
		C595EC6C1FA05F3F0083217F /* LaunchScreen.storyboard in Resources */ = {isa = PBXBuildFile; fileRef = C595EC6A1FA05F3F0083217F /* LaunchScreen.storyboard */; };
		C595EC6F1FA05F3F0083217F /* main.m in Sources */ = {isa = PBXBuildFile; fileRef = C595EC6E1FA05F3F0083217F /* main.m */; };
/* End PBXBuildFile section */

/* Begin PBXFileReference section */
		9B56A58E9DAF0476A74CB036 /* libPods-MTTNetworkManger.a */ = {isa = PBXFileReference; explicitFileType = archive.ar; includeInIndex = 0; path = "libPods-MTTNetworkManger.a"; sourceTree = BUILT_PRODUCTS_DIR; };
		B94951D35C1F055E518F5AEB /* Pods-MTTNetworkManger.debug.xcconfig */ = {isa = PBXFileReference; includeInIndex = 1; lastKnownFileType = text.xcconfig; name = "Pods-MTTNetworkManger.debug.xcconfig"; path = "Pods/Target Support Files/Pods-MTTNetworkManger/Pods-MTTNetworkManger.debug.xcconfig"; sourceTree = "<group>"; };
		C595EC5C1FA05F3F0083217F /* MTTNetworkManger.app */ = {isa = PBXFileReference; explicitFileType = wrapper.application; includeInIndex = 0; path = MTTNetworkManger.app; sourceTree = BUILT_PRODUCTS_DIR; };
		C595EC5F1FA05F3F0083217F /* AppDelegate.h */ = {isa = PBXFileReference; lastKnownFileType = sourcecode.c.h; path = AppDelegate.h; sourceTree = "<group>"; };
		C595EC601FA05F3F0083217F /* AppDelegate.m */ = {isa = PBXFileReference; lastKnownFileType = sourcecode.c.objc; path = AppDelegate.m; sourceTree = "<group>"; };
		C595EC621FA05F3F0083217F /* ViewController.h */ = {isa = PBXFileReference; lastKnownFileType = sourcecode.c.h; path = ViewController.h; sourceTree = "<group>"; };
		C595EC631FA05F3F0083217F /* ViewController.m */ = {isa = PBXFileReference; lastKnownFileType = sourcecode.c.objc; path = ViewController.m; sourceTree = "<group>"; };
		C595EC661FA05F3F0083217F /* Base */ = {isa = PBXFileReference; lastKnownFileType = file.storyboard; name = Base; path = Base.lproj/Main.storyboard; sourceTree = "<group>"; };
		C595EC681FA05F3F0083217F /* Assets.xcassets */ = {isa = PBXFileReference; lastKnownFileType = folder.assetcatalog; path = Assets.xcassets; sourceTree = "<group>"; };
		C595EC6B1FA05F3F0083217F /* Base */ = {isa = PBXFileReference; lastKnownFileType = file.storyboard; name = Base; path = Base.lproj/LaunchScreen.storyboard; sourceTree = "<group>"; };
		C595EC6D1FA05F3F0083217F /* Info.plist */ = {isa = PBXFileReference; lastKnownFileType = text.plist.xml; path = Info.plist; sourceTree = "<group>"; };
		C595EC6E1FA05F3F0083217F /* main.m */ = {isa = PBXFileReference; lastKnownFileType = sourcecode.c.objc; path = main.m; sourceTree = "<group>"; };
		CF855A2A57C3881070E151F9 /* Pods-MTTNetworkManger.release.xcconfig */ = {isa = PBXFileReference; includeInIndex = 1; lastKnownFileType = text.xcconfig; name = "Pods-MTTNetworkManger.release.xcconfig"; path = "Pods/Target Support Files/Pods-MTTNetworkManger/Pods-MTTNetworkManger.release.xcconfig"; sourceTree = "<group>"; };
/* End PBXFileReference section */

/* Begin PBXFrameworksBuildPhase section */
		C595EC591FA05F3F0083217F /* Frameworks */ = {
			isa = PBXFrameworksBuildPhase;
			buildActionMask = 2147483647;
			files = (
				5C7D3ED902F9F2AD65BF89B3 /* libPods-MTTNetworkManger.a in Frameworks */,
			);
			runOnlyForDeploymentPostprocessing = 0;
		};
/* End PBXFrameworksBuildPhase section */

/* Begin PBXGroup section */
		9AB62ED7BD21E0F17DFF76E1 /* Pods */ = {
			isa = PBXGroup;
			children = (
				B94951D35C1F055E518F5AEB /* Pods-MTTNetworkManger.debug.xcconfig */,
				CF855A2A57C3881070E151F9 /* Pods-MTTNetworkManger.release.xcconfig */,
			);
			name = Pods;
			sourceTree = "<group>";
		};
		C595EC531FA05F3F0083217F = {
			isa = PBXGroup;
			children = (
				C595EC5E1FA05F3F0083217F /* MTTNetworkManger */,
				C595EC5D1FA05F3F0083217F /* Products */,
				9AB62ED7BD21E0F17DFF76E1 /* Pods */,
				C71A703C7DC2ABE47AE05558 /* Frameworks */,
			);
			sourceTree = "<group>";
		};
		C595EC5D1FA05F3F0083217F /* Products */ = {
			isa = PBXGroup;
			children = (
				C595EC5C1FA05F3F0083217F /* MTTNetworkManger.app */,
			);
			name = Products;
			sourceTree = "<group>";
		};
		C595EC5E1FA05F3F0083217F /* MTTNetworkManger */ = {
			isa = PBXGroup;
			children = (
				C595EC5F1FA05F3F0083217F /* AppDelegate.h */,
				C595EC601FA05F3F0083217F /* AppDelegate.m */,
				C595EC621FA05F3F0083217F /* ViewController.h */,
				C595EC631FA05F3F0083217F /* ViewController.m */,
				C595EC651FA05F3F0083217F /* Main.storyboard */,
				C595EC681FA05F3F0083217F /* Assets.xcassets */,
				C595EC6A1FA05F3F0083217F /* LaunchScreen.storyboard */,
				C595EC6D1FA05F3F0083217F /* Info.plist */,
				C595EC6E1FA05F3F0083217F /* main.m */,
			);
			path = MTTNetworkManger;
			sourceTree = "<group>";
		};
		C71A703C7DC2ABE47AE05558 /* Frameworks */ = {
			isa = PBXGroup;
			children = (
				9B56A58E9DAF0476A74CB036 /* libPods-MTTNetworkManger.a */,
			);
			name = Frameworks;
			sourceTree = "<group>";
		};
/* End PBXGroup section */

/* Begin PBXNativeTarget section */
		C595EC5B1FA05F3F0083217F /* MTTNetworkManger */ = {
			isa = PBXNativeTarget;
			buildConfigurationList = C595EC721FA05F3F0083217F /* Build configuration list for PBXNativeTarget "MTTNetworkManger" */;
			buildPhases = (
				22A74A10B8251FEBBF830116 /* [CP] Check Pods Manifest.lock */,
				C595EC581FA05F3F0083217F /* Sources */,
				C595EC591FA05F3F0083217F /* Frameworks */,
				C595EC5A1FA05F3F0083217F /* Resources */,
				494684522BBBA1702A2D076D /* [CP] Embed Pods Frameworks */,
				DC458DA9BFF3760CFAE23303 /* [CP] Copy Pods Resources */,
			);
			buildRules = (
			);
			dependencies = (
			);
			name = MTTNetworkManger;
			productName = MTTNetworkManger;
			productReference = C595EC5C1FA05F3F0083217F /* MTTNetworkManger.app */;
			productType = "com.apple.product-type.application";
		};
/* End PBXNativeTarget section */

/* Begin PBXProject section */
		C595EC541FA05F3F0083217F /* Project object */ = {
			isa = PBXProject;
			attributes = {
				LastUpgradeCheck = 0900;
				ORGANIZATIONNAME = "刘浩";
				TargetAttributes = {
					C595EC5B1FA05F3F0083217F = {
						CreatedOnToolsVersion = 9.0;
						ProvisioningStyle = Automatic;
					};
				};
			};
			buildConfigurationList = C595EC571FA05F3F0083217F /* Build configuration list for PBXProject "MTTNetworkManger" */;
			compatibilityVersion = "Xcode 8.0";
			developmentRegion = en;
			hasScannedForEncodings = 0;
			knownRegions = (
				en,
				Base,
			);
			mainGroup = C595EC531FA05F3F0083217F;
			productRefGroup = C595EC5D1FA05F3F0083217F /* Products */;
			projectDirPath = "";
			projectRoot = "";
			targets = (
				C595EC5B1FA05F3F0083217F /* MTTNetworkManger */,
			);
		};
/* End PBXProject section */

/* Begin PBXResourcesBuildPhase section */
		C595EC5A1FA05F3F0083217F /* Resources */ = {
			isa = PBXResourcesBuildPhase;
			buildActionMask = 2147483647;
			files = (
				C595EC6C1FA05F3F0083217F /* LaunchScreen.storyboard in Resources */,
				C595EC691FA05F3F0083217F /* Assets.xcassets in Resources */,
				C595EC671FA05F3F0083217F /* Main.storyboard in Resources */,
			);
			runOnlyForDeploymentPostprocessing = 0;
		};
/* End PBXResourcesBuildPhase section */

/* Begin PBXShellScriptBuildPhase section */
		22A74A10B8251FEBBF830116 /* [CP] Check Pods Manifest.lock */ = {
			isa = PBXShellScriptBuildPhase;
			buildActionMask = 2147483647;
			files = (
			);
			inputPaths = (
				"${PODS_PODFILE_DIR_PATH}/Podfile.lock",
				"${PODS_ROOT}/Manifest.lock",
			);
			name = "[CP] Check Pods Manifest.lock";
			outputPaths = (
				"$(DERIVED_FILE_DIR)/Pods-MTTNetworkManger-checkManifestLockResult.txt",
			);
			runOnlyForDeploymentPostprocessing = 0;
			shellPath = /bin/sh;
			shellScript = "diff \"${PODS_PODFILE_DIR_PATH}/Podfile.lock\" \"${PODS_ROOT}/Manifest.lock\" > /dev/null\nif [ $? != 0 ] ; then\n    # print error to STDERR\n    echo \"error: The sandbox is not in sync with the Podfile.lock. Run 'pod install' or update your CocoaPods installation.\" >&2\n    exit 1\nfi\n# This output is used by Xcode 'outputs' to avoid re-running this script phase.\necho \"SUCCESS\" > \"${SCRIPT_OUTPUT_FILE_0}\"\n";
			showEnvVarsInLog = 0;
		};
		494684522BBBA1702A2D076D /* [CP] Embed Pods Frameworks */ = {
			isa = PBXShellScriptBuildPhase;
			buildActionMask = 2147483647;
			files = (
			);
			inputPaths = (
			);
			name = "[CP] Embed Pods Frameworks";
			outputPaths = (
			);
			runOnlyForDeploymentPostprocessing = 0;
			shellPath = /bin/sh;
			shellScript = "\"${SRCROOT}/Pods/Target Support Files/Pods-MTTNetworkManger/Pods-MTTNetworkManger-frameworks.sh\"\n";
			showEnvVarsInLog = 0;
		};
		DC458DA9BFF3760CFAE23303 /* [CP] Copy Pods Resources */ = {
			isa = PBXShellScriptBuildPhase;
			buildActionMask = 2147483647;
			files = (
			);
			inputPaths = (
			);
			name = "[CP] Copy Pods Resources";
			outputPaths = (
			);
			runOnlyForDeploymentPostprocessing = 0;
			shellPath = /bin/sh;
			shellScript = "\"${SRCROOT}/Pods/Target Support Files/Pods-MTTNetworkManger/Pods-MTTNetworkManger-resources.sh\"\n";
			showEnvVarsInLog = 0;
		};
/* End PBXShellScriptBuildPhase section */

/* Begin PBXSourcesBuildPhase section */
		C595EC581FA05F3F0083217F /* Sources */ = {
			isa = PBXSourcesBuildPhase;
			buildActionMask = 2147483647;
			files = (
				C595EC641FA05F3F0083217F /* ViewController.m in Sources */,
				C595EC6F1FA05F3F0083217F /* main.m in Sources */,
				C595EC611FA05F3F0083217F /* AppDelegate.m in Sources */,
			);
			runOnlyForDeploymentPostprocessing = 0;
		};
/* End PBXSourcesBuildPhase section */

/* Begin PBXVariantGroup section */
		C595EC651FA05F3F0083217F /* Main.storyboard */ = {
			isa = PBXVariantGroup;
			children = (
				C595EC661FA05F3F0083217F /* Base */,
			);
			name = Main.storyboard;
			sourceTree = "<group>";
		};
		C595EC6A1FA05F3F0083217F /* LaunchScreen.storyboard */ = {
			isa = PBXVariantGroup;
			children = (
				C595EC6B1FA05F3F0083217F /* Base */,
			);
			name = LaunchScreen.storyboard;
			sourceTree = "<group>";
		};
/* End PBXVariantGroup section */

/* Begin XCBuildConfiguration section */
		C595EC701FA05F3F0083217F /* Debug */ = {
			isa = XCBuildConfiguration;
			buildSettings = {
				ALWAYS_SEARCH_USER_PATHS = NO;
				CLANG_ANALYZER_NONNULL = YES;
				CLANG_ANALYZER_NUMBER_OBJECT_CONVERSION = YES_AGGRESSIVE;
				CLANG_CXX_LANGUAGE_STANDARD = "gnu++14";
				CLANG_CXX_LIBRARY = "libc++";
				CLANG_ENABLE_MODULES = YES;
				CLANG_ENABLE_OBJC_ARC = YES;
				CLANG_WARN_BLOCK_CAPTURE_AUTORELEASING = YES;
				CLANG_WARN_BOOL_CONVERSION = YES;
				CLANG_WARN_COMMA = YES;
				CLANG_WARN_CONSTANT_CONVERSION = YES;
				CLANG_WARN_DIRECT_OBJC_ISA_USAGE = YES_ERROR;
				CLANG_WARN_DOCUMENTATION_COMMENTS = YES;
				CLANG_WARN_EMPTY_BODY = YES;
				CLANG_WARN_ENUM_CONVERSION = YES;
				CLANG_WARN_INFINITE_RECURSION = YES;
				CLANG_WARN_INT_CONVERSION = YES;
				CLANG_WARN_NON_LITERAL_NULL_CONVERSION = YES;
				CLANG_WARN_OBJC_LITERAL_CONVERSION = YES;
				CLANG_WARN_OBJC_ROOT_CLASS = YES_ERROR;
				CLANG_WARN_RANGE_LOOP_ANALYSIS = YES;
				CLANG_WARN_STRICT_PROTOTYPES = YES;
				CLANG_WARN_SUSPICIOUS_MOVE = YES;
				CLANG_WARN_UNGUARDED_AVAILABILITY = YES_AGGRESSIVE;
				CLANG_WARN_UNREACHABLE_CODE = YES;
				CLANG_WARN__DUPLICATE_METHOD_MATCH = YES;
				CODE_SIGN_IDENTITY = "iPhone Developer";
				COPY_PHASE_STRIP = NO;
				DEBUG_INFORMATION_FORMAT = dwarf;
				ENABLE_STRICT_OBJC_MSGSEND = YES;
				ENABLE_TESTABILITY = YES;
				GCC_C_LANGUAGE_STANDARD = gnu11;
				GCC_DYNAMIC_NO_PIC = NO;
				GCC_NO_COMMON_BLOCKS = YES;
				GCC_OPTIMIZATION_LEVEL = 0;
				GCC_PREPROCESSOR_DEFINITIONS = (
					"DEBUG=1",
					"$(inherited)",
				);
				GCC_WARN_64_TO_32_BIT_CONVERSION = YES;
				GCC_WARN_ABOUT_RETURN_TYPE = YES_ERROR;
				GCC_WARN_UNDECLARED_SELECTOR = YES;
				GCC_WARN_UNINITIALIZED_AUTOS = YES_AGGRESSIVE;
				GCC_WARN_UNUSED_FUNCTION = YES;
				GCC_WARN_UNUSED_VARIABLE = YES;
				IPHONEOS_DEPLOYMENT_TARGET = 11.0;
				MTL_ENABLE_DEBUG_INFO = YES;
				ONLY_ACTIVE_ARCH = YES;
				SDKROOT = iphoneos;
			};
			name = Debug;
		};
		C595EC711FA05F3F0083217F /* Release */ = {
			isa = XCBuildConfiguration;
			buildSettings = {
				ALWAYS_SEARCH_USER_PATHS = NO;
				CLANG_ANALYZER_NONNULL = YES;
				CLANG_ANALYZER_NUMBER_OBJECT_CONVERSION = YES_AGGRESSIVE;
				CLANG_CXX_LANGUAGE_STANDARD = "gnu++14";
				CLANG_CXX_LIBRARY = "libc++";
				CLANG_ENABLE_MODULES = YES;
				CLANG_ENABLE_OBJC_ARC = YES;
				CLANG_WARN_BLOCK_CAPTURE_AUTORELEASING = YES;
				CLANG_WARN_BOOL_CONVERSION = YES;
				CLANG_WARN_COMMA = YES;
				CLANG_WARN_CONSTANT_CONVERSION = YES;
				CLANG_WARN_DIRECT_OBJC_ISA_USAGE = YES_ERROR;
				CLANG_WARN_DOCUMENTATION_COMMENTS = YES;
				CLANG_WARN_EMPTY_BODY = YES;
				CLANG_WARN_ENUM_CONVERSION = YES;
				CLANG_WARN_INFINITE_RECURSION = YES;
				CLANG_WARN_INT_CONVERSION = YES;
				CLANG_WARN_NON_LITERAL_NULL_CONVERSION = YES;
				CLANG_WARN_OBJC_LITERAL_CONVERSION = YES;
				CLANG_WARN_OBJC_ROOT_CLASS = YES_ERROR;
				CLANG_WARN_RANGE_LOOP_ANALYSIS = YES;
				CLANG_WARN_STRICT_PROTOTYPES = YES;
				CLANG_WARN_SUSPICIOUS_MOVE = YES;
				CLANG_WARN_UNGUARDED_AVAILABILITY = YES_AGGRESSIVE;
				CLANG_WARN_UNREACHABLE_CODE = YES;
				CLANG_WARN__DUPLICATE_METHOD_MATCH = YES;
				CODE_SIGN_IDENTITY = "iPhone Developer";
				COPY_PHASE_STRIP = NO;
				DEBUG_INFORMATION_FORMAT = "dwarf-with-dsym";
				ENABLE_NS_ASSERTIONS = NO;
				ENABLE_STRICT_OBJC_MSGSEND = YES;
				GCC_C_LANGUAGE_STANDARD = gnu11;
				GCC_NO_COMMON_BLOCKS = YES;
				GCC_WARN_64_TO_32_BIT_CONVERSION = YES;
				GCC_WARN_ABOUT_RETURN_TYPE = YES_ERROR;
				GCC_WARN_UNDECLARED_SELECTOR = YES;
				GCC_WARN_UNINITIALIZED_AUTOS = YES_AGGRESSIVE;
				GCC_WARN_UNUSED_FUNCTION = YES;
				GCC_WARN_UNUSED_VARIABLE = YES;
				IPHONEOS_DEPLOYMENT_TARGET = 11.0;
				MTL_ENABLE_DEBUG_INFO = NO;
				SDKROOT = iphoneos;
				VALIDATE_PRODUCT = YES;
			};
			name = Release;
		};
		C595EC731FA05F3F0083217F /* Debug */ = {
			isa = XCBuildConfiguration;
			baseConfigurationReference = B94951D35C1F055E518F5AEB /* Pods-MTTNetworkManger.debug.xcconfig */;
			buildSettings = {
				ASSETCATALOG_COMPILER_APPICON_NAME = AppIcon;
				CODE_SIGN_STYLE = Automatic;
				INFOPLIST_FILE = MTTNetworkManger/Info.plist;
				LD_RUNPATH_SEARCH_PATHS = "$(inherited) @executable_path/Frameworks";
				PRODUCT_BUNDLE_IDENTIFIER = com.lyle.MTTNetworkManger;
				PRODUCT_NAME = "$(TARGET_NAME)";
				TARGETED_DEVICE_FAMILY = "1,2";
			};
			name = Debug;
		};
		C595EC741FA05F3F0083217F /* Release */ = {
			isa = XCBuildConfiguration;
			baseConfigurationReference = CF855A2A57C3881070E151F9 /* Pods-MTTNetworkManger.release.xcconfig */;
			buildSettings = {
				ASSETCATALOG_COMPILER_APPICON_NAME = AppIcon;
				CODE_SIGN_STYLE = Automatic;
				INFOPLIST_FILE = MTTNetworkManger/Info.plist;
				LD_RUNPATH_SEARCH_PATHS = "$(inherited) @executable_path/Frameworks";
				PRODUCT_BUNDLE_IDENTIFIER = com.lyle.MTTNetworkManger;
				PRODUCT_NAME = "$(TARGET_NAME)";
				TARGETED_DEVICE_FAMILY = "1,2";
			};
			name = Release;
		};
/* End XCBuildConfiguration section */

/* Begin XCConfigurationList section */
		C595EC571FA05F3F0083217F /* Build configuration list for PBXProject "MTTNetworkManger" */ = {
			isa = XCConfigurationList;
			buildConfigurations = (
				C595EC701FA05F3F0083217F /* Debug */,
				C595EC711FA05F3F0083217F /* Release */,
			);
			defaultConfigurationIsVisible = 0;
			defaultConfigurationName = Release;
		};
		C595EC721FA05F3F0083217F /* Build configuration list for PBXNativeTarget "MTTNetworkManger" */ = {
			isa = XCConfigurationList;
			buildConfigurations = (
				C595EC731FA05F3F0083217F /* Debug */,
				C595EC741FA05F3F0083217F /* Release */,
			);
			defaultConfigurationIsVisible = 0;
			defaultConfigurationName = Release;
		};
/* End XCConfigurationList section */
	};
	rootObject = C595EC541FA05F3F0083217F /* Project object */;
}
